
Microsoft Visual Studio Solution File, Format Version 12.00
Project("{FAE04EC0-301F-11D3-BF4B-00C04F79EFBC}") = "ConsoleToDoList_TDL", "ConsoleToDoList_TDL\ConsoleToDoList_TDL.csproj", "{478A171E-DD4E-4005-845A-4002ED2E17AD}"
EndProject
Global
	GlobalSection(SolutionConfigurationPlatforms) = preSolution
		Debug|Any CPU = Debug|Any CPU
		Release|Any CPU = Release|Any CPU
	EndGlobalSection
	GlobalSection(ProjectConfigurationPlatforms) = postSolution
		{478A171E-DD4E-4005-845A-4002ED2E17AD}.Debug|Any CPU.ActiveCfg = Debug|Any CPU
		{478A171E-DD4E-4005-845A-4002ED2E17AD}.Debug|Any CPU.Build.0 = Debug|Any CPU
		{478A171E-DD4E-4005-845A-4002ED2E17AD}.Release|Any CPU.ActiveCfg = Release|Any CPU
		{478A171E-DD4E-4005-845A-4002ED2E17AD}.Release|Any CPU.Build.0 = Release|Any CPU
	EndGlobalSection
EndGlobal
